
Microsoft Visual Studio Solution File, Format Version 12.00
# Visual Studio 14
VisualStudioVersion = 14.0.25420.1
MinimumVisualStudioVersion = 10.0.40219.1
Project("{002A2DE9-8BB6-484D-9802-7E4AD4084715}") = "cityhash_d", "cityhash-d.visualdproj", "{D03F0758-EFF5-4018-9A80-35721F8F8D9B}"
EndProject
Global
	GlobalSection(SolutionConfigurationPlatforms) = preSolution
		Debug|x64 = Debug|x64
		Debug|x86 = Debug|x86
		Release|x64 = Release|x64
		Release|x86 = Release|x86
	EndGlobalSection
	GlobalSection(ProjectConfigurationPlatforms) = postSolution
		{D03F0758-EFF5-4018-9A80-35721F8F8D9B}.Debug|x64.ActiveCfg = Debug|x64
		{D03F0758-EFF5-4018-9A80-35721F8F8D9B}.Debug|x64.Build.0 = Debug|x64
		{D03F0758-EFF5-4018-9A80-35721F8F8D9B}.Debug|x86.ActiveCfg = Debug|Win32
		{D03F0758-EFF5-4018-9A80-35721F8F8D9B}.Debug|x86.Build.0 = Debug|Win32
		{D03F0758-EFF5-4018-9A80-35721F8F8D9B}.Release|x64.ActiveCfg = Release|x64
		{D03F0758-EFF5-4018-9A80-35721F8F8D9B}.Release|x64.Build.0 = Release|x64
		{D03F0758-EFF5-4018-9A80-35721F8F8D9B}.Release|x86.ActiveCfg = Release|Win32
		{D03F0758-EFF5-4018-9A80-35721F8F8D9B}.Release|x86.Build.0 = Release|Win32
	EndGlobalSection
	GlobalSection(SolutionProperties) = preSolution
		HideSolutionNode = FALSE
	EndGlobalSection
EndGlobal
